
Microsoft Visual Studio Solution File, Format Version 12.00
# Visual Studio Version 17
VisualStudioVersion = 17.8.34511.84
MinimumVisualStudioVersion = 10.0.40219.1
Project("{FAE04EC0-301F-11D3-BF4B-00C04F79EFBC}") = "WinFormsApp1", "WinFormsApp1.csproj", "{5400F39B-5617-478A-924E-B760A8E99189}"
EndProject
Global
	GlobalSection(SolutionConfigurationPlatforms) = preSolution
		Debug|Any CPU = Debug|Any CPU
		Release|Any CPU = Release|Any CPU
	EndGlobalSection
	GlobalSection(ProjectConfigurationPlatforms) = postSolution
		{5400F39B-5617-478A-924E-B760A8E99189}.Debug|Any CPU.ActiveCfg = Debug|Any CPU
		{5400F39B-5617-478A-924E-B760A8E99189}.Debug|Any CPU.Build.0 = Debug|Any CPU
		{5400F39B-5617-478A-924E-B760A8E99189}.Release|Any CPU.ActiveCfg = Release|Any CPU
		{5400F39B-5617-478A-924E-B760A8E99189}.Release|Any CPU.Build.0 = Release|Any CPU
	EndGlobalSection
	GlobalSection(SolutionProperties) = preSolution
		HideSolutionNode = FALSE
	EndGlobalSection
	GlobalSection(ExtensibilityGlobals) = postSolution
		SolutionGuid = {17FE6EA4-7E29-4216-8E6F-DE662F74CBB7}
	EndGlobalSection
EndGlobal
